// !$*UTF8*$!
{
	archiveVersion = 1;
	classes = {
	};
	objectVersion = 46;
	objects = {

/* Begin PBXBuildFile section */
		91FDDC891CEABB1E00FC7287 /* AppDelegate.swift in Sources */ = {isa = PBXBuildFile; fileRef = 91FDDC881CEABB1E00FC7287 /* AppDelegate.swift */; };
		91FDDC8B1CEABB1E00FC7287 /* ViewController.swift in Sources */ = {isa = PBXBuildFile; fileRef = 91FDDC8A1CEABB1E00FC7287 /* ViewController.swift */; };
		91FDDC8E1CEABB1E00FC7287 /* Main.storyboard in Resources */ = {isa = PBXBuildFile; fileRef = 91FDDC8C1CEABB1E00FC7287 /* Main.storyboard */; };
		91FDDC901CEABB1E00FC7287 /* Assets.xcassets in Resources */ = {isa = PBXBuildFile; fileRef = 91FDDC8F1CEABB1E00FC7287 /* Assets.xcassets */; };
		91FDDC931CEABB1E00FC7287 /* LaunchScreen.storyboard in Resources */ = {isa = PBXBuildFile; fileRef = 91FDDC911CEABB1E00FC7287 /* LaunchScreen.storyboard */; };
/* End PBXBuildFile section */

/* Begin PBXFileReference section */
		91FDDC851CEABB1E00FC7287 /* PitchPerfect.app */ = {isa = PBXFileReference; explicitFileType = wrapper.application; includeInIndex = 0; path = PitchPerfect.app; sourceTree = BUILT_PRODUCTS_DIR; };
		91FDDC881CEABB1E00FC7287 /* AppDelegate.swift */ = {isa = PBXFileReference; lastKnownFileType = sourcecode.swift; path = AppDelegate.swift; sourceTree = "<group>"; };
		91FDDC8A1CEABB1E00FC7287 /* ViewController.swift */ = {isa = PBXFileReference; lastKnownFileType = sourcecode.swift; path = ViewController.swift; sourceTree = "<group>"; };
		91FDDC8D1CEABB1E00FC7287 /* Base */ = {isa = PBXFileReference; lastKnownFileType = file.storyboard; name = Base; path = Base.lproj/Main.storyboard; sourceTree = "<group>"; };
		91FDDC8F1CEABB1E00FC7287 /* Assets.xcassets */ = {isa = PBXFileReference; lastKnownFileType = folder.assetcatalog; path = Assets.xcassets; sourceTree = "<group>"; };
		91FDDC921CEABB1E00FC7287 /* Base */ = {isa = PBXFileReference; lastKnownFileType = file.storyboard; name = Base; path = Base.lproj/LaunchScreen.storyboard; sourceTree = "<group>"; };
		91FDDC941CEABB1E00FC7287 /* Info.plist */ = {isa = PBXFileReference; lastKnownFileType = text.plist.xml; path = Info.plist; sourceTree = "<group>"; };
/* End PBXFileReference section */

/* Begin PBXFrameworksBuildPhase section */
		91FDDC821CEABB1E00FC7287 /* Frameworks */ = {
			isa = PBXFrameworksBuildPhase;
			buildActionMask = 2147483647;
			files = (
			);
			runOnlyForDeploymentPostprocessing = 0;
		};
/* End PBXFrameworksBuildPhase section */

/* Begin PBXGroup section */
		91FDDC7C1CEABB1E00FC7287 = {
			isa = PBXGroup;
			children = (
				91FDDC871CEABB1E00FC7287 /* PitchPerfect */,
				91FDDC861CEABB1E00FC7287 /* Products */,
			);
			sourceTree = "<group>";
		};
		91FDDC861CEABB1E00FC7287 /* Products */ = {
			isa = PBXGroup;
			children = (
				91FDDC851CEABB1E00FC7287 /* PitchPerfect.app */,
			);
			name = Products;
			sourceTree = "<group>";
		};
		91FDDC871CEABB1E00FC7287 /* PitchPerfect */ = {
			isa = PBXGroup;
			children = (
				91FDDC881CEABB1E00FC7287 /* AppDelegate.swift */,
				91FDDC8A1CEABB1E00FC7287 /* ViewController.swift */,
				91FDDC8C1CEABB1E00FC7287 /* Main.storyboard */,
				91FDDC8F1CEABB1E00FC7287 /* Assets.xcassets */,
				91FDDC911CEABB1E00FC7287 /* LaunchScreen.storyboard */,
				91FDDC941CEABB1E00FC7287 /* Info.plist */,
			);
			path = PitchPerfect;
			sourceTree = "<group>";
		};
/* End PBXGroup section */

/* Begin PBXNativeTarget section */
		91FDDC841CEABB1E00FC7287 /* PitchPerfect */ = {
			isa = PBXNativeTarget;
			buildConfigurationList = 91FDDC971CEABB1E00FC7287 /* Build configuration list for PBXNativeTarget "PitchPerfect" */;
			buildPhases = (
				91FDDC811CEABB1E00FC7287 /* Sources */,
				91FDDC821CEABB1E00FC7287 /* Frameworks */,
				91FDDC831CEABB1E00FC7287 /* Resources */,
			);
			buildRules = (
			);
			dependencies = (
			);
			name = PitchPerfect;
			productName = PitchPerfect;
			productReference = 91FDDC851CEABB1E00FC7287 /* PitchPerfect.app */;
			productType = "com.apple.product-type.application";
		};
/* End PBXNativeTarget section */

/* Begin PBXProject section */
		91FDDC7D1CEABB1E00FC7287 /* Project object */ = {
			isa = PBXProject;
			attributes = {
				LastSwiftUpdateCheck = 0730;
				LastUpgradeCheck = 0730;
				ORGANIZATIONNAME = Awsome;
				TargetAttributes = {
					91FDDC841CEABB1E00FC7287 = {
						CreatedOnToolsVersion = 7.3.1;
						DevelopmentTeam = PW5CGBBSUC;
					};
				};
			};
			buildConfigurationList = 91FDDC801CEABB1E00FC7287 /* Build configuration list for PBXProject "PitchPerfect" */;
			compatibilityVersion = "Xcode 3.2";
			developmentRegion = English;
			hasScannedForEncodings = 0;
			knownRegions = (
				en,
				Base,
			);
			mainGroup = 91FDDC7C1CEABB1E00FC7287;
			productRefGroup = 91FDDC861CEABB1E00FC7287 /* Products */;
			projectDirPath = "";
			projectRoot = "";
			targets = (
				91FDDC841CEABB1E00FC7287 /* PitchPerfect */,
			);
		};
/* End PBXProject section */

/* Begin PBXResourcesBuildPhase section */
		91FDDC831CEABB1E00FC7287 /* Resources */ = {
			isa = PBXResourcesBuildPhase;
			buildActionMask = 2147483647;
			files = (
				91FDDC931CEABB1E00FC7287 /* LaunchScreen.storyboard in Resources */,
				91FDDC901CEABB1E00FC7287 /* Assets.xcassets in Resources */,
				91FDDC8E1CEABB1E00FC7287 /* Main.storyboard in Resources */,
			);
			runOnlyForDeploymentPostprocessing = 0;
		};
/* End PBXResourcesBuildPhase section */

/* Begin PBXSourcesBuildPhase section */
		91FDDC811CEABB1E00FC7287 /* Sources */ = {
			isa = PBXSourcesBuildPhase;
			buildActionMask = 2147483647;
			files = (
				91FDDC8B1CEABB1E00FC7287 /* ViewController.swift in Sources */,
				91FDDC891CEABB1E00FC7287 /* AppDelegate.swift in Sources */,
			);
			runOnlyForDeploymentPostprocessing = 0;
		};
/* End PBXSourcesBuildPhase section */

/* Begin PBXVariantGroup section */
		91FDDC8C1CEABB1E00FC7287 /* Main.storyboard */ = {
			isa = PBXVariantGroup;
			children = (
				91FDDC8D1CEABB1E00FC7287 /* Base */,
			);
			name = Main.storyboard;
			sourceTree = "<group>";
		};
		91FDDC911CEABB1E00FC7287 /* LaunchScreen.storyboard */ = {
			isa = PBXVariantGroup;
			children = (
				91FDDC921CEABB1E00FC7287 /* Base */,
			);
			name = LaunchScreen.storyboard;
			sourceTree = "<group>";
		};
/* End PBXVariantGroup section */

/* Begin XCBuildConfiguration section */
		91FDDC951CEABB1E00FC7287 /* Debug */ = {
			isa = XCBuildConfiguration;
			buildSettings = {
				ALWAYS_SEARCH_USER_PATHS = NO;
				CLANG_ANALYZER_NONNULL = YES;
				CLANG_CXX_LANGUAGE_STANDARD = "gnu++0x";
				CLANG_CXX_LIBRARY = "libc++";
				CLANG_ENABLE_MODULES = YES;
				CLANG_ENABLE_OBJC_ARC = YES;
				CLANG_WARN_BOOL_CONVERSION = YES;
				CLANG_WARN_CONSTANT_CONVERSION = YES;
				CLANG_WARN_DIRECT_OBJC_ISA_USAGE = YES_ERROR;
				CLANG_WARN_EMPTY_BODY = YES;
				CLANG_WARN_ENUM_CONVERSION = YES;
				CLANG_WARN_INT_CONVERSION = YES;
				CLANG_WARN_OBJC_ROOT_CLASS = YES_ERROR;
				CLANG_WARN_UNREACHABLE_CODE = YES;
				CLANG_WARN__DUPLICATE_METHOD_MATCH = YES;
				"CODE_SIGN_IDENTITY[sdk=iphoneos*]" = "iPhone Developer";
				COPY_PHASE_STRIP = NO;
				DEBUG_INFORMATION_FORMAT = dwarf;
				ENABLE_STRICT_OBJC_MSGSEND = YES;
				ENABLE_TESTABILITY = YES;
				GCC_C_LANGUAGE_STANDARD = gnu99;
				GCC_DYNAMIC_NO_PIC = NO;
				GCC_NO_COMMON_BLOCKS = YES;
				GCC_OPTIMIZATION_LEVEL = 0;
				GCC_PREPROCESSOR_DEFINITIONS = (
					"DEBUG=1",
					"$(inherited)",
				);
				GCC_WARN_64_TO_32_BIT_CONVERSION = YES;
				GCC_WARN_ABOUT_RETURN_TYPE = YES_ERROR;
				GCC_WARN_UNDECLARED_SELECTOR = YES;
				GCC_WARN_UNINITIALIZED_AUTOS = YES_AGGRESSIVE;
				GCC_WARN_UNUSED_FUNCTION = YES;
				GCC_WARN_UNUSED_VARIABLE = YES;
				IPHONEOS_DEPLOYMENT_TARGET = 9.3;
				MTL_ENABLE_DEBUG_INFO = YES;
				ONLY_ACTIVE_ARCH = YES;
				SDKROOT = iphoneos;
				SWIFT_OPTIMIZATION_LEVEL = "-Onone";
				TARGETED_DEVICE_FAMILY = "1,2";
			};
			name = Debug;
		};
		91FDDC961CEABB1E00FC7287 /* Release */ = {
			isa = XCBuildConfiguration;
			buildSettings = {
				ALWAYS_SEARCH_USER_PATHS = NO;
				CLANG_ANALYZER_NONNULL = YES;
				CLANG_CXX_LANGUAGE_STANDARD = "gnu++0x";
				CLANG_CXX_LIBRARY = "libc++";
				CLANG_ENABLE_MODULES = YES;
				CLANG_ENABLE_OBJC_ARC = YES;
				CLANG_WARN_BOOL_CONVERSION = YES;
				CLANG_WARN_CONSTANT_CONVERSION = YES;
				CLANG_WARN_DIRECT_OBJC_ISA_USAGE = YES_ERROR;
				CLANG_WARN_EMPTY_BODY = YES;
				CLANG_WARN_ENUM_CONVERSION = YES;
				CLANG_WARN_INT_CONVERSION = YES;
				CLANG_WARN_OBJC_ROOT_CLASS = YES_ERROR;
				CLANG_WARN_UNREACHABLE_CODE = YES;
				CLANG_WARN__DUPLICATE_METHOD_MATCH = YES;
				"CODE_SIGN_IDENTITY[sdk=iphoneos*]" = "iPhone Developer";
				COPY_PHASE_STRIP = NO;
				DEBUG_INFORMATION_FORMAT = "dwarf-with-dsym";
				ENABLE_NS_ASSERTIONS = NO;
				ENABLE_STRICT_OBJC_MSGSEND = YES;
				GCC_C_LANGUAGE_STANDARD = gnu99;
				GCC_NO_COMMON_BLOCKS = YES;
				GCC_WARN_64_TO_32_BIT_CONVERSION = YES;
				GCC_WARN_ABOUT_RETURN_TYPE = YES_ERROR;
				GCC_WARN_UNDECLARED_SELECTOR = YES;
				GCC_WARN_UNINITIALIZED_AUTOS = YES_AGGRESSIVE;
				GCC_WARN_UNUSED_FUNCTION = YES;
				GCC_WARN_UNUSED_VARIABLE = YES;
				IPHONEOS_DEPLOYMENT_TARGET = 9.3;
				MTL_ENABLE_DEBUG_INFO = NO;
				SDKROOT = iphoneos;
				TARGETED_DEVICE_FAMILY = "1,2";
				VALIDATE_PRODUCT = YES;
			};
			name = Release;
		};
		91FDDC981CEABB1E00FC7287 /* Debug */ = {
			isa = XCBuildConfiguration;
			buildSettings = {
				ASSETCATALOG_COMPILER_APPICON_NAME = AppIcon;
				INFOPLIST_FILE = PitchPerfect/Info.plist;
				LD_RUNPATH_SEARCH_PATHS = "$(inherited) @executable_path/Frameworks";
				PRODUCT_BUNDLE_IDENTIFIER = com.awesome.PitchPerfect;
				PRODUCT_NAME = "$(TARGET_NAME)";
			};
			name = Debug;
		};
		91FDDC991CEABB1E00FC7287 /* Release */ = {
			isa = XCBuildConfiguration;
			buildSettings = {
				ASSETCATALOG_COMPILER_APPICON_NAME = AppIcon;
				INFOPLIST_FILE = PitchPerfect/Info.plist;
				LD_RUNPATH_SEARCH_PATHS = "$(inherited) @executable_path/Frameworks";
				PRODUCT_BUNDLE_IDENTIFIER = com.awesome.PitchPerfect;
				PRODUCT_NAME = "$(TARGET_NAME)";
			};
			name = Release;
		};
/* End XCBuildConfiguration section */

/* Begin XCConfigurationList section */
		91FDDC801CEABB1E00FC7287 /* Build configuration list for PBXProject "PitchPerfect" */ = {
			isa = XCConfigurationList;
			buildConfigurations = (
				91FDDC951CEABB1E00FC7287 /* Debug */,
				91FDDC961CEABB1E00FC7287 /* Release */,
			);
			defaultConfigurationIsVisible = 0;
			defaultConfigurationName = Release;
		};
		91FDDC971CEABB1E00FC7287 /* Build configuration list for PBXNativeTarget "PitchPerfect" */ = {
			isa = XCConfigurationList;
			buildConfigurations = (
				91FDDC981CEABB1E00FC7287 /* Debug */,
				91FDDC991CEABB1E00FC7287 /* Release */,
			);
			defaultConfigurationIsVisible = 0;
		};
/* End XCConfigurationList section */
	};
	rootObject = 91FDDC7D1CEABB1E00FC7287 /* Project object */;
}
